Microsoft Visual Studio Solution File, Format Version 12.00
# Visual Studio Version 17
VisualStudioVersion = 17.13.35931.197
MinimumVisualStudioVersion = 10.0.40219.1
Project("{FAE04EC0-301F-11D3-BF4B-00C04F79EFBC}") = "StockSharpDriver", "StockSharpDriver\StockSharpDriver.csproj", "{317E4FEB-9A09-CDB5-757B-ABB927DD52B1}"
EndProject
Project("{FAE04EC0-301F-11D3-BF4B-00C04F79EFBC}") = "StockSharpMauiApp", "..\..\..\ToolsApp\StockSharpMauiApp\StockSharpMauiApp.csproj", "{C47FD055-9E71-10F3-9BF6-3CF00099E7E3}"
EndProject
Project("{FAE04EC0-301F-11D3-BF4B-00C04F79EFBC}") = "BlazorLib", "..\..\..\BlazorLib\BlazorLib.csproj", "{6ECBD5A2-C98E-7217-ECFA-9695AB0DB52B}"
EndProject
Project("{FAE04EC0-301F-11D3-BF4B-00C04F79EFBC}") = "SharedLib", "..\..\..\SharedLib\SharedLib.csproj", "{A016319F-0590-9CA2-F6EA-DCDDB9FAFB8C}"
EndProject
Project("{2150E333-8FDC-42A3-9474-1A3956D46DE8}") = "libs", "libs", "{36D591C7-65C7-A0D1-1CBC-10CDE441BDC8}"
EndProject
Project("{FAE04EC0-301F-11D3-BF4B-00C04F79EFBC}") = "SharedLibStandart21", "..\..\..\SharedLibStandart21\SharedLibStandart21.csproj", "{CE885F7A-8580-AC10-39BA-3CA73BD7B716}"
EndProject
Project("{FAE04EC0-301F-11D3-BF4B-00C04F79EFBC}") = "ZeroMQCallLib", "..\..\..\RemoteCallLib\ZeroMQCallLib\ZeroMQCallLib.csproj", "{A4440145-B164-BEEC-B108-66938E6637D2}"
EndProject
Global
	GlobalSection(SolutionConfigurationPlatforms) = preSolution
		Debug|Any CPU = Debug|Any CPU
		Release|Any CPU = Release|Any CPU
	EndGlobalSection
	GlobalSection(ProjectConfigurationPlatforms) = postSolution
		{317E4FEB-9A09-CDB5-757B-ABB927DD52B1}.Debug|Any CPU.ActiveCfg = Debug|Any CPU
		{317E4FEB-9A09-CDB5-757B-ABB927DD52B1}.Debug|Any CPU.Build.0 = Debug|Any CPU
		{317E4FEB-9A09-CDB5-757B-ABB927DD52B1}.Release|Any CPU.ActiveCfg = Release|Any CPU
		{317E4FEB-9A09-CDB5-757B-ABB927DD52B1}.Release|Any CPU.Build.0 = Release|Any CPU
		{C47FD055-9E71-10F3-9BF6-3CF00099E7E3}.Debug|Any CPU.ActiveCfg = Debug|Any CPU
		{C47FD055-9E71-10F3-9BF6-3CF00099E7E3}.Debug|Any CPU.Build.0 = Debug|Any CPU
		{C47FD055-9E71-10F3-9BF6-3CF00099E7E3}.Release|Any CPU.ActiveCfg = Release|Any CPU
		{C47FD055-9E71-10F3-9BF6-3CF00099E7E3}.Release|Any CPU.Build.0 = Release|Any CPU
		{6ECBD5A2-C98E-7217-ECFA-9695AB0DB52B}.Debug|Any CPU.ActiveCfg = Debug|Any CPU
		{6ECBD5A2-C98E-7217-ECFA-9695AB0DB52B}.Debug|Any CPU.Build.0 = Debug|Any CPU
		{6ECBD5A2-C98E-7217-ECFA-9695AB0DB52B}.Release|Any CPU.ActiveCfg = Release|Any CPU
		{6ECBD5A2-C98E-7217-ECFA-9695AB0DB52B}.Release|Any CPU.Build.0 = Release|Any CPU
		{A016319F-0590-9CA2-F6EA-DCDDB9FAFB8C}.Debug|Any CPU.ActiveCfg = Debug|Any CPU
		{A016319F-0590-9CA2-F6EA-DCDDB9FAFB8C}.Debug|Any CPU.Build.0 = Debug|Any CPU
		{A016319F-0590-9CA2-F6EA-DCDDB9FAFB8C}.Release|Any CPU.ActiveCfg = Release|Any CPU
		{A016319F-0590-9CA2-F6EA-DCDDB9FAFB8C}.Release|Any CPU.Build.0 = Release|Any CPU
		{CE885F7A-8580-AC10-39BA-3CA73BD7B716}.Debug|Any CPU.ActiveCfg = Debug|Any CPU
		{CE885F7A-8580-AC10-39BA-3CA73BD7B716}.Debug|Any CPU.Build.0 = Debug|Any CPU
		{CE885F7A-8580-AC10-39BA-3CA73BD7B716}.Release|Any CPU.ActiveCfg = Release|Any CPU
		{CE885F7A-8580-AC10-39BA-3CA73BD7B716}.Release|Any CPU.Build.0 = Release|Any CPU
		{A4440145-B164-BEEC-B108-66938E6637D2}.Debug|Any CPU.ActiveCfg = Debug|Any CPU
		{A4440145-B164-BEEC-B108-66938E6637D2}.Debug|Any CPU.Build.0 = Debug|Any CPU
		{A4440145-B164-BEEC-B108-66938E6637D2}.Release|Any CPU.ActiveCfg = Release|Any CPU
		{A4440145-B164-BEEC-B108-66938E6637D2}.Release|Any CPU.Build.0 = Release|Any CPU
	EndGlobalSection
	GlobalSection(SolutionProperties) = preSolution
		HideSolutionNode = FALSE
	EndGlobalSection
	GlobalSection(NestedProjects) = preSolution
		{6ECBD5A2-C98E-7217-ECFA-9695AB0DB52B} = {36D591C7-65C7-A0D1-1CBC-10CDE441BDC8}
		{A016319F-0590-9CA2-F6EA-DCDDB9FAFB8C} = {36D591C7-65C7-A0D1-1CBC-10CDE441BDC8}
		{CE885F7A-8580-AC10-39BA-3CA73BD7B716} = {36D591C7-65C7-A0D1-1CBC-10CDE441BDC8}
		{A4440145-B164-BEEC-B108-66938E6637D2} = {36D591C7-65C7-A0D1-1CBC-10CDE441BDC8}
	EndGlobalSection
	GlobalSection(ExtensibilityGlobals) = postSolution
		SolutionGuid = {38B9F8A2-8A07-4116-80D5-377765DB0F1A}
	EndGlobalSection
EndGlobal
